
Microsoft Visual Studio Solution File, Format Version 12.00
# Visual Studio Version 16
VisualStudioVersion = 16.0.30804.86
MinimumVisualStudioVersion = 10.0.40219.1
Project("{FAE04EC0-301F-11D3-BF4B-00C04F79EFBC}") = "SourceControlFinalAssignment", "SourceControlFinalAssignment\SourceControlFinalAssignment.csproj", "{842A1B9C-B166-4A66-81B7-7543F5B7B808}"
EndProject
Global
	GlobalSection(SolutionConfigurationPlatforms) = preSolution
		Debug|Any CPU = Debug|Any CPU
		Release|Any CPU = Release|Any CPU
	EndGlobalSection
	GlobalSection(ProjectConfigurationPlatforms) = postSolution
		{842A1B9C-B166-4A66-81B7-7543F5B7B808}.Debug|Any CPU.ActiveCfg = Debug|Any CPU
		{842A1B9C-B166-4A66-81B7-7543F5B7B808}.Debug|Any CPU.Build.0 = Debug|Any CPU
		{842A1B9C-B166-4A66-81B7-7543F5B7B808}.Release|Any CPU.ActiveCfg = Release|Any CPU
		{842A1B9C-B166-4A66-81B7-7543F5B7B808}.Release|Any CPU.Build.0 = Release|Any CPU
	EndGlobalSection
	GlobalSection(SolutionProperties) = preSolution
		HideSolutionNode = FALSE
	EndGlobalSection
	GlobalSection(ExtensibilityGlobals) = postSolution
		SolutionGuid = {5D5A4A20-8612-448B-92DC-F0D0D3565208}
	EndGlobalSection
EndGlobal
