
Microsoft Visual Studio Solution File, Format Version 12.00
# Visual Studio Version 16
VisualStudioVersion = 16.0.31005.135
MinimumVisualStudioVersion = 10.0.40219.1
Project("{FAE04EC0-301F-11D3-BF4B-00C04F79EFBC}") = "APIGateway", "APIGateway\APIGateway.csproj", "{74CA05CF-3E85-400A-A54D-06D5787DC172}"
EndProject
Project("{FAE04EC0-301F-11D3-BF4B-00C04F79EFBC}") = "CustomersAPIServices", "CustomersAPIServices\CustomersAPIServices.csproj", "{8C9950EE-3362-4220-9876-005AF1D82072}"
EndProject
Project("{FAE04EC0-301F-11D3-BF4B-00C04F79EFBC}") = "ProductsAPIServices", "ProductsAPIServices\ProductsAPIServices.csproj", "{111865E7-C0A8-4DC0-B48B-42A1BEB9B168}"
EndProject
Global
	GlobalSection(SolutionConfigurationPlatforms) = preSolution
		Debug|Any CPU = Debug|Any CPU
		Release|Any CPU = Release|Any CPU
	EndGlobalSection
	GlobalSection(ProjectConfigurationPlatforms) = postSolution
		{74CA05CF-3E85-400A-A54D-06D5787DC172}.Debug|Any CPU.ActiveCfg = Debug|Any CPU
		{74CA05CF-3E85-400A-A54D-06D5787DC172}.Debug|Any CPU.Build.0 = Debug|Any CPU
		{74CA05CF-3E85-400A-A54D-06D5787DC172}.Release|Any CPU.ActiveCfg = Release|Any CPU
		{74CA05CF-3E85-400A-A54D-06D5787DC172}.Release|Any CPU.Build.0 = Release|Any CPU
		{8C9950EE-3362-4220-9876-005AF1D82072}.Debug|Any CPU.ActiveCfg = Debug|Any CPU
		{8C9950EE-3362-4220-9876-005AF1D82072}.Debug|Any CPU.Build.0 = Debug|Any CPU
		{8C9950EE-3362-4220-9876-005AF1D82072}.Release|Any CPU.ActiveCfg = Release|Any CPU
		{8C9950EE-3362-4220-9876-005AF1D82072}.Release|Any CPU.Build.0 = Release|Any CPU
		{111865E7-C0A8-4DC0-B48B-42A1BEB9B168}.Debug|Any CPU.ActiveCfg = Debug|Any CPU
		{111865E7-C0A8-4DC0-B48B-42A1BEB9B168}.Debug|Any CPU.Build.0 = Debug|Any CPU
		{111865E7-C0A8-4DC0-B48B-42A1BEB9B168}.Release|Any CPU.ActiveCfg = Release|Any CPU
		{111865E7-C0A8-4DC0-B48B-42A1BEB9B168}.Release|Any CPU.Build.0 = Release|Any CPU
	EndGlobalSection
	GlobalSection(SolutionProperties) = preSolution
		HideSolutionNode = FALSE
	EndGlobalSection
	GlobalSection(ExtensibilityGlobals) = postSolution
		SolutionGuid = {ED431A18-537E-4E19-AFAA-7384D4338E96}
	EndGlobalSection
EndGlobal
