
Microsoft Visual Studio Solution File, Format Version 12.00
# Visual Studio Version 16
VisualStudioVersion = 16.0.31112.23
MinimumVisualStudioVersion = 10.0.40219.1
Project("{FAE04EC0-301F-11D3-BF4B-00C04F79EFBC}") = "NunitAssignment7", "NunitAssignment7\NunitAssignment7.csproj", "{4F018C61-E8A9-4240-BBAD-989544BAAF24}"
EndProject
Global
	GlobalSection(SolutionConfigurationPlatforms) = preSolution
		Debug|Any CPU = Debug|Any CPU
		Release|Any CPU = Release|Any CPU
	EndGlobalSection
	GlobalSection(ProjectConfigurationPlatforms) = postSolution
		{4F018C61-E8A9-4240-BBAD-989544BAAF24}.Debug|Any CPU.ActiveCfg = Debug|Any CPU
		{4F018C61-E8A9-4240-BBAD-989544BAAF24}.Debug|Any CPU.Build.0 = Debug|Any CPU
		{4F018C61-E8A9-4240-BBAD-989544BAAF24}.Release|Any CPU.ActiveCfg = Release|Any CPU
		{4F018C61-E8A9-4240-BBAD-989544BAAF24}.Release|Any CPU.Build.0 = Release|Any CPU
	EndGlobalSection
	GlobalSection(SolutionProperties) = preSolution
		HideSolutionNode = FALSE
	EndGlobalSection
	GlobalSection(ExtensibilityGlobals) = postSolution
		SolutionGuid = {94985B54-8BEF-4C5E-8109-D14038C5E2E3}
	EndGlobalSection
EndGlobal
