
Microsoft Visual Studio Solution File, Format Version 12.00
# Visual Studio Version 16
VisualStudioVersion = 16.0.31005.135
MinimumVisualStudioVersion = 10.0.40219.1
Project("{FAE04EC0-301F-11D3-BF4B-00C04F79EFBC}") = "TestingAssignment1", "TestingAssignment1\TestingAssignment1.csproj", "{28BD8932-5551-4264-AF63-DE673141680D}"
EndProject
Project("{FAE04EC0-301F-11D3-BF4B-00C04F79EFBC}") = "TestingAssignment1.Tests", "TestingAssignment1.Tests\TestingAssignment1.Tests.csproj", "{8BB01B24-ECBA-420E-9FA2-32E8F70192EC}"
EndProject
Global
	GlobalSection(SolutionConfigurationPlatforms) = preSolution
		Debug|Any CPU = Debug|Any CPU
		Release|Any CPU = Release|Any CPU
	EndGlobalSection
	GlobalSection(ProjectConfigurationPlatforms) = postSolution
		{28BD8932-5551-4264-AF63-DE673141680D}.Debug|Any CPU.ActiveCfg = Debug|Any CPU
		{28BD8932-5551-4264-AF63-DE673141680D}.Debug|Any CPU.Build.0 = Debug|Any CPU
		{28BD8932-5551-4264-AF63-DE673141680D}.Release|Any CPU.ActiveCfg = Release|Any CPU
		{28BD8932-5551-4264-AF63-DE673141680D}.Release|Any CPU.Build.0 = Release|Any CPU
		{8BB01B24-ECBA-420E-9FA2-32E8F70192EC}.Debug|Any CPU.ActiveCfg = Debug|Any CPU
		{8BB01B24-ECBA-420E-9FA2-32E8F70192EC}.Debug|Any CPU.Build.0 = Debug|Any CPU
		{8BB01B24-ECBA-420E-9FA2-32E8F70192EC}.Release|Any CPU.ActiveCfg = Release|Any CPU
		{8BB01B24-ECBA-420E-9FA2-32E8F70192EC}.Release|Any CPU.Build.0 = Release|Any CPU
	EndGlobalSection
	GlobalSection(SolutionProperties) = preSolution
		HideSolutionNode = FALSE
	EndGlobalSection
	GlobalSection(ExtensibilityGlobals) = postSolution
		SolutionGuid = {0126FEC8-475C-4FA4-9D18-996CA14D4EF2}
	EndGlobalSection
EndGlobal
